// !$*UTF8*$!
{
	archiveVersion = 1;
	classes = {
	};
	objectVersion = 46;
	objects = {

/* Begin PBXBuildFile section */
		704C55D51BB79C2A00D932F9 /* AppDelegate.swift in Sources */ = {isa = PBXBuildFile; fileRef = 704C55D41BB79C2A00D932F9 /* AppDelegate.swift */; };
		704C55D71BB79C2A00D932F9 /* FirstViewController.swift in Sources */ = {isa = PBXBuildFile; fileRef = 704C55D61BB79C2A00D932F9 /* FirstViewController.swift */; };
		704C55DC1BB79C2A00D932F9 /* Main.storyboard in Resources */ = {isa = PBXBuildFile; fileRef = 704C55DA1BB79C2A00D932F9 /* Main.storyboard */; };
		704C55DE1BB79C2A00D932F9 /* Assets.xcassets in Resources */ = {isa = PBXBuildFile; fileRef = 704C55DD1BB79C2A00D932F9 /* Assets.xcassets */; };
		704C55E11BB79C2A00D932F9 /* LaunchScreen.storyboard in Resources */ = {isa = PBXBuildFile; fileRef = 704C55DF1BB79C2A00D932F9 /* LaunchScreen.storyboard */; };
		704C55EC1BB79C2A00D932F9 /* weather_appTests.swift in Sources */ = {isa = PBXBuildFile; fileRef = 704C55EB1BB79C2A00D932F9 /* weather_appTests.swift */; };
		704C55F71BB79C2A00D932F9 /* weather_appUITests.swift in Sources */ = {isa = PBXBuildFile; fileRef = 704C55F61BB79C2A00D932F9 /* weather_appUITests.swift */; };
/* End PBXBuildFile section */

/* Begin PBXContainerItemProxy section */
		704C55E81BB79C2A00D932F9 /* PBXContainerItemProxy */ = {
			isa = PBXContainerItemProxy;
			containerPortal = 704C55C91BB79C2A00D932F9 /* Project object */;
			proxyType = 1;
			remoteGlobalIDString = 704C55D01BB79C2A00D932F9;
			remoteInfo = "weather app";
		};
		704C55F31BB79C2A00D932F9 /* PBXContainerItemProxy */ = {
			isa = PBXContainerItemProxy;
			containerPortal = 704C55C91BB79C2A00D932F9 /* Project object */;
			proxyType = 1;
			remoteGlobalIDString = 704C55D01BB79C2A00D932F9;
			remoteInfo = "weather app";
		};
/* End PBXContainerItemProxy section */

/* Begin PBXFileReference section */
		704C55D11BB79C2A00D932F9 /* weather app.app */ = {isa = PBXFileReference; explicitFileType = wrapper.application; includeInIndex = 0; path = "weather app.app"; sourceTree = BUILT_PRODUCTS_DIR; };
		704C55D41BB79C2A00D932F9 /* AppDelegate.swift */ = {isa = PBXFileReference; lastKnownFileType = sourcecode.swift; path = AppDelegate.swift; sourceTree = "<group>"; };
		704C55D61BB79C2A00D932F9 /* FirstViewController.swift */ = {isa = PBXFileReference; lastKnownFileType = sourcecode.swift; path = FirstViewController.swift; sourceTree = "<group>"; };
		704C55DB1BB79C2A00D932F9 /* Base */ = {isa = PBXFileReference; lastKnownFileType = file.storyboard; name = Base; path = Base.lproj/Main.storyboard; sourceTree = "<group>"; };
		704C55DD1BB79C2A00D932F9 /* Assets.xcassets */ = {isa = PBXFileReference; lastKnownFileType = folder.assetcatalog; path = Assets.xcassets; sourceTree = "<group>"; };
		704C55E01BB79C2A00D932F9 /* Base */ = {isa = PBXFileReference; lastKnownFileType = file.storyboard; name = Base; path = Base.lproj/LaunchScreen.storyboard; sourceTree = "<group>"; };
		704C55E21BB79C2A00D932F9 /* Info.plist */ = {isa = PBXFileReference; lastKnownFileType = text.plist.xml; path = Info.plist; sourceTree = "<group>"; };
		704C55E71BB79C2A00D932F9 /* weather appTests.xctest */ = {isa = PBXFileReference; explicitFileType = wrapper.cfbundle; includeInIndex = 0; path = "weather appTests.xctest"; sourceTree = BUILT_PRODUCTS_DIR; };
		704C55EB1BB79C2A00D932F9 /* weather_appTests.swift */ = {isa = PBXFileReference; lastKnownFileType = sourcecode.swift; path = weather_appTests.swift; sourceTree = "<group>"; };
		704C55ED1BB79C2A00D932F9 /* Info.plist */ = {isa = PBXFileReference; lastKnownFileType = text.plist.xml; path = Info.plist; sourceTree = "<group>"; };
		704C55F21BB79C2A00D932F9 /* weather appUITests.xctest */ = {isa = PBXFileReference; explicitFileType = wrapper.cfbundle; includeInIndex = 0; path = "weather appUITests.xctest"; sourceTree = BUILT_PRODUCTS_DIR; };
		704C55F61BB79C2A00D932F9 /* weather_appUITests.swift */ = {isa = PBXFileReference; lastKnownFileType = sourcecode.swift; path = weather_appUITests.swift; sourceTree = "<group>"; };
		704C55F81BB79C2A00D932F9 /* Info.plist */ = {isa = PBXFileReference; lastKnownFileType = text.plist.xml; path = Info.plist; sourceTree = "<group>"; };
/* End PBXFileReference section */

/* Begin PBXFrameworksBuildPhase section */
		704C55CE1BB79C2A00D932F9 /* Frameworks */ = {
			isa = PBXFrameworksBuildPhase;
			buildActionMask = 2147483647;
			files = (
			);
			runOnlyForDeploymentPostprocessing = 0;
		};
		704C55E41BB79C2A00D932F9 /* Frameworks */ = {
			isa = PBXFrameworksBuildPhase;
			buildActionMask = 2147483647;
			files = (
			);
			runOnlyForDeploymentPostprocessing = 0;
		};
		704C55EF1BB79C2A00D932F9 /* Frameworks */ = {
			isa = PBXFrameworksBuildPhase;
			buildActionMask = 2147483647;
			files = (
			);
			runOnlyForDeploymentPostprocessing = 0;
		};
/* End PBXFrameworksBuildPhase section */

/* Begin PBXGroup section */
		704C55C81BB79C2A00D932F9 = {
			isa = PBXGroup;
			children = (
				704C55D31BB79C2A00D932F9 /* weather app */,
				704C55EA1BB79C2A00D932F9 /* weather appTests */,
				704C55F51BB79C2A00D932F9 /* weather appUITests */,
				704C55D21BB79C2A00D932F9 /* Products */,
			);
			sourceTree = "<group>";
		};
		704C55D21BB79C2A00D932F9 /* Products */ = {
			isa = PBXGroup;
			children = (
				704C55D11BB79C2A00D932F9 /* weather app.app */,
				704C55E71BB79C2A00D932F9 /* weather appTests.xctest */,
				704C55F21BB79C2A00D932F9 /* weather appUITests.xctest */,
			);
			name = Products;
			sourceTree = "<group>";
		};
		704C55D31BB79C2A00D932F9 /* weather app */ = {
			isa = PBXGroup;
			children = (
				704C55D41BB79C2A00D932F9 /* AppDelegate.swift */,
				704C55D61BB79C2A00D932F9 /* FirstViewController.swift */,
				704C55DA1BB79C2A00D932F9 /* Main.storyboard */,
				704C55DD1BB79C2A00D932F9 /* Assets.xcassets */,
				704C55DF1BB79C2A00D932F9 /* LaunchScreen.storyboard */,
				704C55E21BB79C2A00D932F9 /* Info.plist */,
			);
			path = "weather app";
			sourceTree = "<group>";
		};
		704C55EA1BB79C2A00D932F9 /* weather appTests */ = {
			isa = PBXGroup;
			children = (
				704C55EB1BB79C2A00D932F9 /* weather_appTests.swift */,
				704C55ED1BB79C2A00D932F9 /* Info.plist */,
			);
			path = "weather appTests";
			sourceTree = "<group>";
		};
		704C55F51BB79C2A00D932F9 /* weather appUITests */ = {
			isa = PBXGroup;
			children = (
				704C55F61BB79C2A00D932F9 /* weather_appUITests.swift */,
				704C55F81BB79C2A00D932F9 /* Info.plist */,
			);
			path = "weather appUITests";
			sourceTree = "<group>";
		};
/* End PBXGroup section */

/* Begin PBXNativeTarget section */
		704C55D01BB79C2A00D932F9 /* weather app */ = {
			isa = PBXNativeTarget;
			buildConfigurationList = 704C55FB1BB79C2A00D932F9 /* Build configuration list for PBXNativeTarget "weather app" */;
			buildPhases = (
				704C55CD1BB79C2A00D932F9 /* Sources */,
				704C55CE1BB79C2A00D932F9 /* Frameworks */,
				704C55CF1BB79C2A00D932F9 /* Resources */,
			);
			buildRules = (
			);
			dependencies = (
			);
			name = "weather app";
			productName = "weather app";
			productReference = 704C55D11BB79C2A00D932F9 /* weather app.app */;
			productType = "com.apple.product-type.application";
		};
		704C55E61BB79C2A00D932F9 /* weather appTests */ = {
			isa = PBXNativeTarget;
			buildConfigurationList = 704C55FE1BB79C2A00D932F9 /* Build configuration list for PBXNativeTarget "weather appTests" */;
			buildPhases = (
				704C55E31BB79C2A00D932F9 /* Sources */,
				704C55E41BB79C2A00D932F9 /* Frameworks */,
				704C55E51BB79C2A00D932F9 /* Resources */,
			);
			buildRules = (
			);
			dependencies = (
				704C55E91BB79C2A00D932F9 /* PBXTargetDependency */,
			);
			name = "weather appTests";
			productName = "weather appTests";
			productReference = 704C55E71BB79C2A00D932F9 /* weather appTests.xctest */;
			productType = "com.apple.product-type.bundle.unit-test";
		};
		704C55F11BB79C2A00D932F9 /* weather appUITests */ = {
			isa = PBXNativeTarget;
			buildConfigurationList = 704C56011BB79C2A00D932F9 /* Build configuration list for PBXNativeTarget "weather appUITests" */;
			buildPhases = (
				704C55EE1BB79C2A00D932F9 /* Sources */,
				704C55EF1BB79C2A00D932F9 /* Frameworks */,
				704C55F01BB79C2A00D932F9 /* Resources */,
			);
			buildRules = (
			);
			dependencies = (
				704C55F41BB79C2A00D932F9 /* PBXTargetDependency */,
			);
			name = "weather appUITests";
			productName = "weather appUITests";
			productReference = 704C55F21BB79C2A00D932F9 /* weather appUITests.xctest */;
			productType = "com.apple.product-type.bundle.ui-testing";
		};
/* End PBXNativeTarget section */

/* Begin PBXProject section */
		704C55C91BB79C2A00D932F9 /* Project object */ = {
			isa = PBXProject;
			attributes = {
				LastUpgradeCheck = 0700;
				ORGANIZATIONNAME = "Jesus Maldonado";
				TargetAttributes = {
					704C55D01BB79C2A00D932F9 = {
						CreatedOnToolsVersion = 7.0;
					};
					704C55E61BB79C2A00D932F9 = {
						CreatedOnToolsVersion = 7.0;
						TestTargetID = 704C55D01BB79C2A00D932F9;
					};
					704C55F11BB79C2A00D932F9 = {
						CreatedOnToolsVersion = 7.0;
						TestTargetID = 704C55D01BB79C2A00D932F9;
					};
				};
			};
			buildConfigurationList = 704C55CC1BB79C2A00D932F9 /* Build configuration list for PBXProject "weather app" */;
			compatibilityVersion = "Xcode 3.2";
			developmentRegion = English;
			hasScannedForEncodings = 0;
			knownRegions = (
				en,
				Base,
			);
			mainGroup = 704C55C81BB79C2A00D932F9;
			productRefGroup = 704C55D21BB79C2A00D932F9 /* Products */;
			projectDirPath = "";
			projectRoot = "";
			targets = (
				704C55D01BB79C2A00D932F9 /* weather app */,
				704C55E61BB79C2A00D932F9 /* weather appTests */,
				704C55F11BB79C2A00D932F9 /* weather appUITests */,
			);
		};
/* End PBXProject section */

/* Begin PBXResourcesBuildPhase section */
		704C55CF1BB79C2A00D932F9 /* Resources */ = {
			isa = PBXResourcesBuildPhase;
			buildActionMask = 2147483647;
			files = (
				704C55E11BB79C2A00D932F9 /* LaunchScreen.storyboard in Resources */,
				704C55DE1BB79C2A00D932F9 /* Assets.xcassets in Resources */,
				704C55DC1BB79C2A00D932F9 /* Main.storyboard in Resources */,
			);
			runOnlyForDeploymentPostprocessing = 0;
		};
		704C55E51BB79C2A00D932F9 /* Resources */ = {
			isa = PBXResourcesBuildPhase;
			buildActionMask = 2147483647;
			files = (
			);
			runOnlyForDeploymentPostprocessing = 0;
		};
		704C55F01BB79C2A00D932F9 /* Resources */ = {
			isa = PBXResourcesBuildPhase;
			buildActionMask = 2147483647;
			files = (
			);
			runOnlyForDeploymentPostprocessing = 0;
		};
/* End PBXResourcesBuildPhase section */

/* Begin PBXSourcesBuildPhase section */
		704C55CD1BB79C2A00D932F9 /* Sources */ = {
			isa = PBXSourcesBuildPhase;
			buildActionMask = 2147483647;
			files = (
				704C55D51BB79C2A00D932F9 /* AppDelegate.swift in Sources */,
				704C55D71BB79C2A00D932F9 /* FirstViewController.swift in Sources */,
			);
			runOnlyForDeploymentPostprocessing = 0;
		};
		704C55E31BB79C2A00D932F9 /* Sources */ = {
			isa = PBXSourcesBuildPhase;
			buildActionMask = 2147483647;
			files = (
				704C55EC1BB79C2A00D932F9 /* weather_appTests.swift in Sources */,
			);
			runOnlyForDeploymentPostprocessing = 0;
		};
		704C55EE1BB79C2A00D932F9 /* Sources */ = {
			isa = PBXSourcesBuildPhase;
			buildActionMask = 2147483647;
			files = (
				704C55F71BB79C2A00D932F9 /* weather_appUITests.swift in Sources */,
			);
			runOnlyForDeploymentPostprocessing = 0;
		};
/* End PBXSourcesBuildPhase section */

/* Begin PBXTargetDependency section */
		704C55E91BB79C2A00D932F9 /* PBXTargetDependency */ = {
			isa = PBXTargetDependency;
			target = 704C55D01BB79C2A00D932F9 /* weather app */;
			targetProxy = 704C55E81BB79C2A00D932F9 /* PBXContainerItemProxy */;
		};
		704C55F41BB79C2A00D932F9 /* PBXTargetDependency */ = {
			isa = PBXTargetDependency;
			target = 704C55D01BB79C2A00D932F9 /* weather app */;
			targetProxy = 704C55F31BB79C2A00D932F9 /* PBXContainerItemProxy */;
		};
/* End PBXTargetDependency section */

/* Begin PBXVariantGroup section */
		704C55DA1BB79C2A00D932F9 /* Main.storyboard */ = {
			isa = PBXVariantGroup;
			children = (
				704C55DB1BB79C2A00D932F9 /* Base */,
			);
			name = Main.storyboard;
			sourceTree = "<group>";
		};
		704C55DF1BB79C2A00D932F9 /* LaunchScreen.storyboard */ = {
			isa = PBXVariantGroup;
			children = (
				704C55E01BB79C2A00D932F9 /* Base */,
			);
			name = LaunchScreen.storyboard;
			sourceTree = "<group>";
		};
/* End PBXVariantGroup section */

/* Begin XCBuildConfiguration section */
		704C55F91BB79C2A00D932F9 /* Debug */ = {
			isa = XCBuildConfiguration;
			buildSettings = {
				ALWAYS_SEARCH_USER_PATHS = NO;
				CLANG_CXX_LANGUAGE_STANDARD = "gnu++0x";
				CLANG_CXX_LIBRARY = "libc++";
				CLANG_ENABLE_MODULES = YES;
				CLANG_ENABLE_OBJC_ARC = YES;
				CLANG_WARN_BOOL_CONVERSION = YES;
				CLANG_WARN_CONSTANT_CONVERSION = YES;
				CLANG_WARN_DIRECT_OBJC_ISA_USAGE = YES_ERROR;
				CLANG_WARN_EMPTY_BODY = YES;
				CLANG_WARN_ENUM_CONVERSION = YES;
				CLANG_WARN_INT_CONVERSION = YES;
				CLANG_WARN_OBJC_ROOT_CLASS = YES_ERROR;
				CLANG_WARN_UNREACHABLE_CODE = YES;
				CLANG_WARN__DUPLICATE_METHOD_MATCH = YES;
				"CODE_SIGN_IDENTITY[sdk=iphoneos*]" = "iPhone Developer";
				COPY_PHASE_STRIP = NO;
				DEBUG_INFORMATION_FORMAT = dwarf;
				ENABLE_STRICT_OBJC_MSGSEND = YES;
				ENABLE_TESTABILITY = YES;
				GCC_C_LANGUAGE_STANDARD = gnu99;
				GCC_DYNAMIC_NO_PIC = NO;
				GCC_NO_COMMON_BLOCKS = YES;
				GCC_OPTIMIZATION_LEVEL = 0;
				GCC_PREPROCESSOR_DEFINITIONS = (
					"DEBUG=1",
					"$(inherited)",
				);
				GCC_WARN_64_TO_32_BIT_CONVERSION = YES;
				GCC_WARN_ABOUT_RETURN_TYPE = YES_ERROR;
				GCC_WARN_UNDECLARED_SELECTOR = YES;
				GCC_WARN_UNINITIALIZED_AUTOS = YES_AGGRESSIVE;
				GCC_WARN_UNUSED_FUNCTION = YES;
				GCC_WARN_UNUSED_VARIABLE = YES;
				IPHONEOS_DEPLOYMENT_TARGET = 9.0;
				MTL_ENABLE_DEBUG_INFO = YES;
				ONLY_ACTIVE_ARCH = YES;
				SDKROOT = iphoneos;
				SWIFT_OPTIMIZATION_LEVEL = "-Onone";
				TARGETED_DEVICE_FAMILY = "1,2";
			};
			name = Debug;
		};
		704C55FA1BB79C2A00D932F9 /* Release */ = {
			isa = XCBuildConfiguration;
			buildSettings = {
				ALWAYS_SEARCH_USER_PATHS = NO;
				CLANG_CXX_LANGUAGE_STANDARD = "gnu++0x";
				CLANG_CXX_LIBRARY = "libc++";
				CLANG_ENABLE_MODULES = YES;
				CLANG_ENABLE_OBJC_ARC = YES;
				CLANG_WARN_BOOL_CONVERSION = YES;
				CLANG_WARN_CONSTANT_CONVERSION = YES;
				CLANG_WARN_DIRECT_OBJC_ISA_USAGE = YES_ERROR;
				CLANG_WARN_EMPTY_BODY = YES;
				CLANG_WARN_ENUM_CONVERSION = YES;
				CLANG_WARN_INT_CONVERSION = YES;
				CLANG_WARN_OBJC_ROOT_CLASS = YES_ERROR;
				CLANG_WARN_UNREACHABLE_CODE = YES;
				CLANG_WARN__DUPLICATE_METHOD_MATCH = YES;
				"CODE_SIGN_IDENTITY[sdk=iphoneos*]" = "iPhone Developer";
				COPY_PHASE_STRIP = NO;
				DEBUG_INFORMATION_FORMAT = "dwarf-with-dsym";
				ENABLE_NS_ASSERTIONS = NO;
				ENABLE_STRICT_OBJC_MSGSEND = YES;
				GCC_C_LANGUAGE_STANDARD = gnu99;
				GCC_NO_COMMON_BLOCKS = YES;
				GCC_WARN_64_TO_32_BIT_CONVERSION = YES;
				GCC_WARN_ABOUT_RETURN_TYPE = YES_ERROR;
				GCC_WARN_UNDECLARED_SELECTOR = YES;
				GCC_WARN_UNINITIALIZED_AUTOS = YES_AGGRESSIVE;
				GCC_WARN_UNUSED_FUNCTION = YES;
				GCC_WARN_UNUSED_VARIABLE = YES;
				IPHONEOS_DEPLOYMENT_TARGET = 9.0;
				MTL_ENABLE_DEBUG_INFO = NO;
				SDKROOT = iphoneos;
				TARGETED_DEVICE_FAMILY = "1,2";
				VALIDATE_PRODUCT = YES;
			};
			name = Release;
		};
		704C55FC1BB79C2A00D932F9 /* Debug */ = {
			isa = XCBuildConfiguration;
			buildSettings = {
				ASSETCATALOG_COMPILER_APPICON_NAME = AppIcon;
				INFOPLIST_FILE = "weather app/Info.plist";
				LD_RUNPATH_SEARCH_PATHS = "$(inherited) @executable_path/Frameworks";
				PRODUCT_BUNDLE_IDENTIFIER = "jesusmaldonado.weather-app";
				PRODUCT_NAME = "$(TARGET_NAME)";
			};
			name = Debug;
		};
		704C55FD1BB79C2A00D932F9 /* Release */ = {
			isa = XCBuildConfiguration;
			buildSettings = {
				ASSETCATALOG_COMPILER_APPICON_NAME = AppIcon;
				INFOPLIST_FILE = "weather app/Info.plist";
				LD_RUNPATH_SEARCH_PATHS = "$(inherited) @executable_path/Frameworks";
				PRODUCT_BUNDLE_IDENTIFIER = "jesusmaldonado.weather-app";
				PRODUCT_NAME = "$(TARGET_NAME)";
			};
			name = Release;
		};
		704C55FF1BB79C2A00D932F9 /* Debug */ = {
			isa = XCBuildConfiguration;
			buildSettings = {
				BUNDLE_LOADER = "$(TEST_HOST)";
				INFOPLIST_FILE = "weather appTests/Info.plist";
				LD_RUNPATH_SEARCH_PATHS = "$(inherited) @executable_path/Frameworks @loader_path/Frameworks";
				PRODUCT_BUNDLE_IDENTIFIER = "jesusmaldonado.weather-appTests";
				PRODUCT_NAME = "$(TARGET_NAME)";
				TEST_HOST = "$(BUILT_PRODUCTS_DIR)/weather app.app/weather app";
			};
			name = Debug;
		};
		704C56001BB79C2A00D932F9 /* Release */ = {
			isa = XCBuildConfiguration;
			buildSettings = {
				BUNDLE_LOADER = "$(TEST_HOST)";
				INFOPLIST_FILE = "weather appTests/Info.plist";
				LD_RUNPATH_SEARCH_PATHS = "$(inherited) @executable_path/Frameworks @loader_path/Frameworks";
				PRODUCT_BUNDLE_IDENTIFIER = "jesusmaldonado.weather-appTests";
				PRODUCT_NAME = "$(TARGET_NAME)";
				TEST_HOST = "$(BUILT_PRODUCTS_DIR)/weather app.app/weather app";
			};
			name = Release;
		};
		704C56021BB79C2A00D932F9 /* Debug */ = {
			isa = XCBuildConfiguration;
			buildSettings = {
				INFOPLIST_FILE = "weather appUITests/Info.plist";
				LD_RUNPATH_SEARCH_PATHS = "$(inherited) @executable_path/Frameworks @loader_path/Frameworks";
				PRODUCT_BUNDLE_IDENTIFIER = "jesusmaldonado.weather-appUITests";
				PRODUCT_NAME = "$(TARGET_NAME)";
				TEST_TARGET_NAME = "weather app";
				USES_XCTRUNNER = YES;
			};
			name = Debug;
		};
		704C56031BB79C2A00D932F9 /* Release */ = {
			isa = XCBuildConfiguration;
			buildSettings = {
				INFOPLIST_FILE = "weather appUITests/Info.plist";
				LD_RUNPATH_SEARCH_PATHS = "$(inherited) @executable_path/Frameworks @loader_path/Frameworks";
				PRODUCT_BUNDLE_IDENTIFIER = "jesusmaldonado.weather-appUITests";
				PRODUCT_NAME = "$(TARGET_NAME)";
				TEST_TARGET_NAME = "weather app";
				USES_XCTRUNNER = YES;
			};
			name = Release;
		};
/* End XCBuildConfiguration section */

/* Begin XCConfigurationList section */
		704C55CC1BB79C2A00D932F9 /* Build configuration list for PBXProject "weather app" */ = {
			isa = XCConfigurationList;
			buildConfigurations = (
				704C55F91BB79C2A00D932F9 /* Debug */,
				704C55FA1BB79C2A00D932F9 /* Release */,
			);
			defaultConfigurationIsVisible = 0;
			defaultConfigurationName = Release;
		};
		704C55FB1BB79C2A00D932F9 /* Build configuration list for PBXNativeTarget "weather app" */ = {
			isa = XCConfigurationList;
			buildConfigurations = (
				704C55FC1BB79C2A00D932F9 /* Debug */,
				704C55FD1BB79C2A00D932F9 /* Release */,
			);
			defaultConfigurationIsVisible = 0;
			defaultConfigurationName = Release;
		};
		704C55FE1BB79C2A00D932F9 /* Build configuration list for PBXNativeTarget "weather appTests" */ = {
			isa = XCConfigurationList;
			buildConfigurations = (
				704C55FF1BB79C2A00D932F9 /* Debug */,
				704C56001BB79C2A00D932F9 /* Release */,
			);
			defaultConfigurationIsVisible = 0;
			defaultConfigurationName = Release;
		};
		704C56011BB79C2A00D932F9 /* Build configuration list for PBXNativeTarget "weather appUITests" */ = {
			isa = XCConfigurationList;
			buildConfigurations = (
				704C56021BB79C2A00D932F9 /* Debug */,
				704C56031BB79C2A00D932F9 /* Release */,
			);
			defaultConfigurationIsVisible = 0;
			defaultConfigurationName = Release;
		};
/* End XCConfigurationList section */
	};
	rootObject = 704C55C91BB79C2A00D932F9 /* Project object */;
}
